{
  "version": 4,
  "terraform_version": "1.9.5",
  "serial": 35,
  "lineage": "d1704a96-e926-03fd-7b86-9a9533bf8481",
  "outputs": {},
  "resources": [
    {
      "mode": "managed",
      "type": "aws_dynamodb_table",
      "name": "dynamodb-terraform-state-lock",
      "provider": "provider[\"registry.terraform.io/hashicorp/aws\"]",
      "instances": [
        {
          "schema_version": 1,
          "attributes": {
            "arn": "arn:aws:dynamodb:us-east-1:025066251600:table/terraform-state-lock-dynamo",
            "attribute": [
              {
                "name": "LockID",
                "type": "S"
              }
            ],
            "billing_mode": "PROVISIONED",
            "deletion_protection_enabled": false,
            "global_secondary_index": [],
            "hash_key": "LockID",
            "id": "terraform-state-lock-dynamo",
            "import_table": [],
            "local_secondary_index": [],
            "name": "terraform-state-lock-dynamo",
            "point_in_time_recovery": [
              {
                "enabled": false
              }
            ],
            "range_key": null,
            "read_capacity": 1,
            "replica": [],
            "restore_date_time": null,
            "restore_source_name": null,
            "restore_source_table_arn": null,
            "restore_to_latest_time": null,
            "server_side_encryption": [],
            "stream_arn": "",
            "stream_enabled": false,
            "stream_label": "",
            "stream_view_type": "",
            "table_class": "STANDARD",
            "tags": {
              "Name": "dynamodb-terraform-state-lock"
            },
            "tags_all": {
              "Name": "dynamodb-terraform-state-lock"
            },
            "timeouts": null,
            "ttl": [
              {
                "attribute_name": "",
                "enabled": false
              }
            ],
            "write_capacity": 1
          },
          "sensitive_attributes": [],
          "private": "eyJlMmJmYjczMC1lY2FhLTExZTYtOGY4OC0zNDM2M2JjN2M0YzAiOnsiY3JlYXRlIjoxODAwMDAwMDAwMDAwLCJkZWxldGUiOjYwMDAwMDAwMDAwMCwidXBkYXRlIjozNjAwMDAwMDAwMDAwfSwic2NoZW1hX3ZlcnNpb24iOiIxIn0="
        }
      ]
    },
    {
      "mode": "managed",
      "type": "aws_eip",
      "name": "nat",
      "provider": "provider[\"registry.terraform.io/hashicorp/aws\"]",
      "instances": [
        {
          "schema_version": 0,
          "attributes": {
            "address": null,
            "allocation_id": "eipalloc-0d0d8fa495d01a875",
            "arn": "arn:aws:ec2:us-east-1:025066251600:elastic-ip/eipalloc-0d0d8fa495d01a875",
            "associate_with_private_ip": null,
            "association_id": "eipassoc-0285b595eff4ee1e1",
            "carrier_ip": "",
            "customer_owned_ip": "",
            "customer_owned_ipv4_pool": "",
            "domain": "vpc",
            "id": "eipalloc-0d0d8fa495d01a875",
            "instance": "",
            "network_border_group": "us-east-1",
            "network_interface": "eni-03e3529cf01e3ec78",
            "private_dns": "ip-10-0-1-50.ec2.internal",
            "private_ip": "10.0.1.50",
            "ptr_record": "",
            "public_dns": "ec2-3-217-37-224.compute-1.amazonaws.com",
            "public_ip": "3.217.37.224",
            "public_ipv4_pool": "amazon",
            "tags": {},
            "tags_all": {},
            "timeouts": null,
            "vpc": true
          },
          "sensitive_attributes": [],
          "private": "eyJlMmJmYjczMC1lY2FhLTExZTYtOGY4OC0zNDM2M2JjN2M0YzAiOnsiZGVsZXRlIjoxODAwMDAwMDAwMDAsInJlYWQiOjkwMDAwMDAwMDAwMCwidXBkYXRlIjozMDAwMDAwMDAwMDB9fQ=="
        }
      ]
    },
    {
      "mode": "managed",
      "type": "aws_instance",
      "name": "private",
      "provider": "provider[\"registry.terraform.io/hashicorp/aws\"]",
      "instances": [
        {
          "schema_version": 1,
          "attributes": {
            "ami": "ami-0e86e20dae9224db8",
            "arn": "arn:aws:ec2:us-east-1:025066251600:instance/i-07eb2ac7a326f4169",
            "associate_public_ip_address": false,
            "availability_zone": "us-east-1a",
            "capacity_reservation_specification": [
              {
                "capacity_reservation_preference": "open",
                "capacity_reservation_target": []
              }
            ],
            "cpu_core_count": 1,
            "cpu_options": [
              {
                "amd_sev_snp": "",
                "core_count": 1,
                "threads_per_core": 1
              }
            ],
            "cpu_threads_per_core": 1,
            "credit_specification": [
              {
                "cpu_credits": "standard"
              }
            ],
            "disable_api_stop": false,
            "disable_api_termination": false,
            "ebs_block_device": [],
            "ebs_optimized": false,
            "enclave_options": [
              {
                "enabled": false
              }
            ],
            "ephemeral_block_device": [],
            "get_password_data": false,
            "hibernation": false,
            "host_id": "",
            "host_resource_group_arn": null,
            "iam_instance_profile": "",
            "id": "i-07eb2ac7a326f4169",
            "instance_initiated_shutdown_behavior": "stop",
            "instance_lifecycle": "",
            "instance_market_options": [],
            "instance_state": "running",
            "instance_type": "t2.micro",
            "ipv6_address_count": 0,
            "ipv6_addresses": [],
            "key_name": "my-new-key-pair",
            "launch_template": [],
            "maintenance_options": [
              {
                "auto_recovery": "default"
              }
            ],
            "metadata_options": [
              {
                "http_endpoint": "enabled",
                "http_protocol_ipv6": "disabled",
                "http_put_response_hop_limit": 2,
                "http_tokens": "required",
                "instance_metadata_tags": "disabled"
              }
            ],
            "monitoring": false,
            "network_interface": [],
            "outpost_arn": "",
            "password_data": "",
            "placement_group": "",
            "placement_partition_number": 0,
            "primary_network_interface_id": "eni-02260b9ba99ac39e0",
            "private_dns": "ip-10-0-2-109.ec2.internal",
            "private_dns_name_options": [
              {
                "enable_resource_name_dns_a_record": false,
                "enable_resource_name_dns_aaaa_record": false,
                "hostname_type": "ip-name"
              }
            ],
            "private_ip": "10.0.2.109",
            "public_dns": "",
            "public_ip": "",
            "root_block_device": [
              {
                "delete_on_termination": true,
                "device_name": "/dev/sda1",
                "encrypted": false,
                "iops": 3000,
                "kms_key_id": "",
                "tags": {},
                "tags_all": {},
                "throughput": 125,
                "volume_id": "vol-05f8f9e104f0b605f",
                "volume_size": 8,
                "volume_type": "gp3"
              }
            ],
            "secondary_private_ips": [],
            "security_groups": [],
            "source_dest_check": true,
            "spot_instance_request_id": "",
            "subnet_id": "subnet-07552f8d544a12d15",
            "tags": {
              "Name": "private-ec2"
            },
            "tags_all": {
              "Name": "private-ec2"
            },
            "tenancy": "default",
            "timeouts": null,
            "user_data": null,
            "user_data_base64": null,
            "user_data_replace_on_change": false,
            "volume_tags": null,
            "vpc_security_group_ids": [
              "sg-031c07835f5ad1dca"
            ]
          },
          "sensitive_attributes": [],
          "private": "eyJlMmJmYjczMC1lY2FhLTExZTYtOGY4OC0zNDM2M2JjN2M0YzAiOnsiY3JlYXRlIjo2MDAwMDAwMDAwMDAsImRlbGV0ZSI6MTIwMDAwMDAwMDAwMCwicmVhZCI6OTAwMDAwMDAwMDAwLCJ1cGRhdGUiOjYwMDAwMDAwMDAwMH0sInNjaGVtYV92ZXJzaW9uIjoiMSJ9",
          "dependencies": [
            "aws_key_pair.key_pair",
            "aws_security_group.allow_ssh",
            "aws_subnet.private",
            "aws_vpc.main-vpc",
            "tls_private_key.private_key"
          ]
        }
      ]
    },
    {
      "mode": "managed",
      "type": "aws_instance",
      "name": "public",
      "provider": "provider[\"registry.terraform.io/hashicorp/aws\"]",
      "instances": [
        {
          "schema_version": 1,
          "attributes": {
            "ami": "ami-0e86e20dae9224db8",
            "arn": "arn:aws:ec2:us-east-1:025066251600:instance/i-0b30a6cb02b2eeca4",
            "associate_public_ip_address": true,
            "availability_zone": "us-east-1a",
            "capacity_reservation_specification": [
              {
                "capacity_reservation_preference": "open",
                "capacity_reservation_target": []
              }
            ],
            "cpu_core_count": 1,
            "cpu_options": [
              {
                "amd_sev_snp": "",
                "core_count": 1,
                "threads_per_core": 1
              }
            ],
            "cpu_threads_per_core": 1,
            "credit_specification": [
              {
                "cpu_credits": "standard"
              }
            ],
            "disable_api_stop": false,
            "disable_api_termination": false,
            "ebs_block_device": [],
            "ebs_optimized": false,
            "enclave_options": [
              {
                "enabled": false
              }
            ],
            "ephemeral_block_device": [],
            "get_password_data": false,
            "hibernation": false,
            "host_id": "",
            "host_resource_group_arn": null,
            "iam_instance_profile": "",
            "id": "i-0b30a6cb02b2eeca4",
            "instance_initiated_shutdown_behavior": "stop",
            "instance_lifecycle": "",
            "instance_market_options": [],
            "instance_state": "running",
            "instance_type": "t2.micro",
            "ipv6_address_count": 0,
            "ipv6_addresses": [],
            "key_name": "my-new-key-pair",
            "launch_template": [],
            "maintenance_options": [
              {
                "auto_recovery": "default"
              }
            ],
            "metadata_options": [
              {
                "http_endpoint": "enabled",
                "http_protocol_ipv6": "disabled",
                "http_put_response_hop_limit": 2,
                "http_tokens": "required",
                "instance_metadata_tags": "disabled"
              }
            ],
            "monitoring": false,
            "network_interface": [],
            "outpost_arn": "",
            "password_data": "",
            "placement_group": "",
            "placement_partition_number": 0,
            "primary_network_interface_id": "eni-0a79bc6c666041687",
            "private_dns": "ip-10-0-1-60.ec2.internal",
            "private_dns_name_options": [
              {
                "enable_resource_name_dns_a_record": false,
                "enable_resource_name_dns_aaaa_record": false,
                "hostname_type": "ip-name"
              }
            ],
            "private_ip": "10.0.1.60",
            "public_dns": "",
            "public_ip": "44.223.74.185",
            "root_block_device": [
              {
                "delete_on_termination": true,
                "device_name": "/dev/sda1",
                "encrypted": false,
                "iops": 3000,
                "kms_key_id": "",
                "tags": {},
                "tags_all": {},
                "throughput": 125,
                "volume_id": "vol-062f872444e05d356",
                "volume_size": 8,
                "volume_type": "gp3"
              }
            ],
            "secondary_private_ips": [],
            "security_groups": [],
            "source_dest_check": true,
            "spot_instance_request_id": "",
            "subnet_id": "subnet-059a29c5d54dcaf98",
            "tags": {
              "Name": "public-ec2"
            },
            "tags_all": {
              "Name": "public-ec2"
            },
            "tenancy": "default",
            "timeouts": null,
            "user_data": null,
            "user_data_base64": null,
            "user_data_replace_on_change": false,
            "volume_tags": null,
            "vpc_security_group_ids": [
              "sg-031c07835f5ad1dca"
            ]
          },
          "sensitive_attributes": [],
          "private": "eyJlMmJmYjczMC1lY2FhLTExZTYtOGY4OC0zNDM2M2JjN2M0YzAiOnsiY3JlYXRlIjo2MDAwMDAwMDAwMDAsImRlbGV0ZSI6MTIwMDAwMDAwMDAwMCwicmVhZCI6OTAwMDAwMDAwMDAwLCJ1cGRhdGUiOjYwMDAwMDAwMDAwMH0sInNjaGVtYV92ZXJzaW9uIjoiMSJ9",
          "dependencies": [
            "aws_key_pair.key_pair",
            "aws_security_group.allow_ssh",
            "aws_subnet.public",
            "aws_vpc.main-vpc",
            "tls_private_key.private_key"
          ]
        }
      ]
    },
    {
      "mode": "managed",
      "type": "aws_internet_gateway",
      "name": "gw",
      "provider": "provider[\"registry.terraform.io/hashicorp/aws\"]",
      "instances": [
        {
          "schema_version": 0,
          "attributes": {
            "arn": "arn:aws:ec2:us-east-1:025066251600:internet-gateway/igw-0fcb9adb4d0abc729",
            "id": "igw-0fcb9adb4d0abc729",
            "owner_id": "025066251600",
            "tags": {
              "Name": "Internet-Gateway"
            },
            "tags_all": {
              "Name": "Internet-Gateway"
            },
            "timeouts": null,
            "vpc_id": "vpc-02ebd9220457592be"
          },
          "sensitive_attributes": [],
          "private": "eyJlMmJmYjczMC1lY2FhLTExZTYtOGY4OC0zNDM2M2JjN2M0YzAiOnsiY3JlYXRlIjoxMjAwMDAwMDAwMDAwLCJkZWxldGUiOjEyMDAwMDAwMDAwMDAsInVwZGF0ZSI6MTIwMDAwMDAwMDAwMH19",
          "dependencies": [
            "aws_vpc.main-vpc"
          ]
        }
      ]
    },
    {
      "mode": "managed",
      "type": "aws_key_pair",
      "name": "key_pair",
      "provider": "provider[\"registry.terraform.io/hashicorp/aws\"]",
      "instances": [
        {
          "schema_version": 1,
          "attributes": {
            "arn": "arn:aws:ec2:us-east-1:025066251600:key-pair/my-new-key-pair",
            "fingerprint": "40:fc:1c:1e:60:5f:17:19:a8:92:2e:9d:82:4e:2a:96",
            "id": "my-new-key-pair",
            "key_name": "my-new-key-pair",
            "key_name_prefix": "",
            "key_pair_id": "key-0b1f5ae34d94936ae",
            "key_type": "rsa",
            "public_key": "ssh-rsa AAAAB3NzaC1yc2EAAAADAQABAAACAQDfa4uCNZpv7/OVx2xsUvH+mHzLUN8E0Fd/180KyOBWwRdlBzVhTsYJjj4ylJoP8gPX1SYXJ8/q29CFweP8NSraa4R8v+3BMC+onS55FmLo/h9aK7UYwJSi/jddJ1QPPqPYLHmuFnokS+xz+7zA9+FvhRwKUhfO72XrelYCqHUavfuXYHgtfIpZ+jjB7d91KBGLuOIQOBUo8QubqtbBFNsf+B7wuuJlJJ1OBrAfd14ug2aeYSWr/zLon4CJgl1NiQ/1Z2e8hT4/XYbLO5QWYPcMGtAwJ1tzDG5dGDaFWN79ycHb8D9KBQ3a/Wx58GyZS5pQEK3n5dxJLzd64P/n3QCi1ao4LN+mkgijysiQ9uQAf5h5lSAnCMdh+zTT3No0GMYUQ9NuFNf/SSJ0p7dWDllOrE8SzslNBhWTESx58gyoqWHLaZHUSadYT3tD077l/I4Vs0cO6XRtmUmlPydjzR2LvpSD1nfLN7CSGs+RkvDlLi4wfm7cH0AGDkdzvxib/OJvUAH2mS1DDMNKUebEpWbleE2nG/+v3cRD7SFEmAwnuFQzXC9G3nxuvpWJWB3f+IxxRsGrcDBEtLC6grOSY5hu1ir7GmZ/YvqNdRnKwt7f1NxyFNJTLnigxP3IFy2WB3S/LPBfFmZA8ttlXgBrRYnzOgkC6UJuOBYYyPfdjQ9iVw==",
            "tags": {},
            "tags_all": {}
          },
          "sensitive_attributes": [],
          "private": "eyJzY2hlbWFfdmVyc2lvbiI6IjEifQ==",
          "dependencies": [
            "tls_private_key.private_key"
          ]
        }
      ]
    },
    {
      "mode": "managed",
      "type": "aws_nat_gateway",
      "name": "nat",
      "provider": "provider[\"registry.terraform.io/hashicorp/aws\"]",
      "instances": [
        {
          "schema_version": 0,
          "attributes": {
            "allocation_id": "eipalloc-0d0d8fa495d01a875",
            "association_id": "eipassoc-0285b595eff4ee1e1",
            "connectivity_type": "public",
            "id": "nat-02c51d7c109f2f206",
            "network_interface_id": "eni-03e3529cf01e3ec78",
            "private_ip": "10.0.1.50",
            "public_ip": "3.217.37.224",
            "secondary_allocation_ids": [],
            "secondary_private_ip_address_count": 0,
            "secondary_private_ip_addresses": [],
            "subnet_id": "subnet-059a29c5d54dcaf98",
            "tags": {
              "Name": "NAT-Gateway"
            },
            "tags_all": {
              "Name": "NAT-Gateway"
            },
            "timeouts": null
          },
          "sensitive_attributes": [],
          "private": "eyJlMmJmYjczMC1lY2FhLTExZTYtOGY4OC0zNDM2M2JjN2M0YzAiOnsiY3JlYXRlIjo2MDAwMDAwMDAwMDAsImRlbGV0ZSI6MTgwMDAwMDAwMDAwMCwidXBkYXRlIjo2MDAwMDAwMDAwMDB9fQ==",
          "dependencies": [
            "aws_eip.nat",
            "aws_subnet.public",
            "aws_vpc.main-vpc"
          ]
        }
      ]
    },
    {
      "mode": "managed",
      "type": "aws_route_table",
      "name": "private",
      "provider": "provider[\"registry.terraform.io/hashicorp/aws\"]",
      "instances": [
        {
          "schema_version": 0,
          "attributes": {
            "arn": "arn:aws:ec2:us-east-1:025066251600:route-table/rtb-092c9b4ebb6a08a12",
            "id": "rtb-092c9b4ebb6a08a12",
            "owner_id": "025066251600",
            "propagating_vgws": [],
            "route": [
              {
                "carrier_gateway_id": "",
                "cidr_block": "0.0.0.0/0",
                "core_network_arn": "",
                "destination_prefix_list_id": "",
                "egress_only_gateway_id": "",
                "gateway_id": "",
                "ipv6_cidr_block": "",
                "local_gateway_id": "",
                "nat_gateway_id": "nat-02c51d7c109f2f206",
                "network_interface_id": "",
                "transit_gateway_id": "",
                "vpc_endpoint_id": "",
                "vpc_peering_connection_id": ""
              }
            ],
            "tags": {
              "Name": "Private-Route-Table"
            },
            "tags_all": {
              "Name": "Private-Route-Table"
            },
            "timeouts": null,
            "vpc_id": "vpc-02ebd9220457592be"
          },
          "sensitive_attributes": [],
          "private": "eyJlMmJmYjczMC1lY2FhLTExZTYtOGY4OC0zNDM2M2JjN2M0YzAiOnsiY3JlYXRlIjozMDAwMDAwMDAwMDAsImRlbGV0ZSI6MzAwMDAwMDAwMDAwLCJ1cGRhdGUiOjEyMDAwMDAwMDAwMH19",
          "dependencies": [
            "aws_eip.nat",
            "aws_nat_gateway.nat",
            "aws_subnet.public",
            "aws_vpc.main-vpc"
          ]
        }
      ]
    },
    {
      "mode": "managed",
      "type": "aws_route_table",
      "name": "public",
      "provider": "provider[\"registry.terraform.io/hashicorp/aws\"]",
      "instances": [
        {
          "schema_version": 0,
          "attributes": {
            "arn": "arn:aws:ec2:us-east-1:025066251600:route-table/rtb-01d6fee902c933c5f",
            "id": "rtb-01d6fee902c933c5f",
            "owner_id": "025066251600",
            "propagating_vgws": [],
            "route": [
              {
                "carrier_gateway_id": "",
                "cidr_block": "0.0.0.0/0",
                "core_network_arn": "",
                "destination_prefix_list_id": "",
                "egress_only_gateway_id": "",
                "gateway_id": "igw-0fcb9adb4d0abc729",
                "ipv6_cidr_block": "",
                "local_gateway_id": "",
                "nat_gateway_id": "",
                "network_interface_id": "",
                "transit_gateway_id": "",
                "vpc_endpoint_id": "",
                "vpc_peering_connection_id": ""
              }
            ],
            "tags": {
              "Name": "Public-Route-Table"
            },
            "tags_all": {
              "Name": "Public-Route-Table"
            },
            "timeouts": null,
            "vpc_id": "vpc-02ebd9220457592be"
          },
          "sensitive_attributes": [],
          "private": "eyJlMmJmYjczMC1lY2FhLTExZTYtOGY4OC0zNDM2M2JjN2M0YzAiOnsiY3JlYXRlIjozMDAwMDAwMDAwMDAsImRlbGV0ZSI6MzAwMDAwMDAwMDAwLCJ1cGRhdGUiOjEyMDAwMDAwMDAwMH19",
          "dependencies": [
            "aws_internet_gateway.gw",
            "aws_vpc.main-vpc"
          ]
        }
      ]
    },
    {
      "mode": "managed",
      "type": "aws_route_table_association",
      "name": "private",
      "provider": "provider[\"registry.terraform.io/hashicorp/aws\"]",
      "instances": [
        {
          "schema_version": 0,
          "attributes": {
            "gateway_id": "",
            "id": "rtbassoc-0d738b1fb7bc10e75",
            "route_table_id": "rtb-092c9b4ebb6a08a12",
            "subnet_id": "subnet-07552f8d544a12d15",
            "timeouts": null
          },
          "sensitive_attributes": [],
          "private": "eyJlMmJmYjczMC1lY2FhLTExZTYtOGY4OC0zNDM2M2JjN2M0YzAiOnsiY3JlYXRlIjozMDAwMDAwMDAwMDAsImRlbGV0ZSI6MzAwMDAwMDAwMDAwLCJ1cGRhdGUiOjEyMDAwMDAwMDAwMH19",
          "dependencies": [
            "aws_eip.nat",
            "aws_nat_gateway.nat",
            "aws_route_table.private",
            "aws_subnet.private",
            "aws_subnet.public",
            "aws_vpc.main-vpc"
          ]
        }
      ]
    },
    {
      "mode": "managed",
      "type": "aws_route_table_association",
      "name": "public",
      "provider": "provider[\"registry.terraform.io/hashicorp/aws\"]",
      "instances": [
        {
          "schema_version": 0,
          "attributes": {
            "gateway_id": "",
            "id": "rtbassoc-041209ecb26d66ca4",
            "route_table_id": "rtb-01d6fee902c933c5f",
            "subnet_id": "subnet-059a29c5d54dcaf98",
            "timeouts": null
          },
          "sensitive_attributes": [],
          "private": "eyJlMmJmYjczMC1lY2FhLTExZTYtOGY4OC0zNDM2M2JjN2M0YzAiOnsiY3JlYXRlIjozMDAwMDAwMDAwMDAsImRlbGV0ZSI6MzAwMDAwMDAwMDAwLCJ1cGRhdGUiOjEyMDAwMDAwMDAwMH19",
          "dependencies": [
            "aws_internet_gateway.gw",
            "aws_route_table.public",
            "aws_subnet.public",
            "aws_vpc.main-vpc"
          ]
        }
      ]
    },
    {
      "mode": "managed",
      "type": "aws_s3_bucket",
      "name": "state",
      "provider": "provider[\"registry.terraform.io/hashicorp/aws\"]",
      "instances": [
        {
          "schema_version": 0,
          "attributes": {
            "acceleration_status": "",
            "acl": null,
            "arn": "arn:aws:s3:::esmael-bucket",
            "bucket": "esmael-bucket",
            "bucket_domain_name": "esmael-bucket.s3.amazonaws.com",
            "bucket_prefix": "",
            "bucket_regional_domain_name": "esmael-bucket.s3.us-east-1.amazonaws.com",
            "cors_rule": [],
            "force_destroy": false,
            "grant": [
              {
                "id": "3aea6219902c3ea5bc54e7c38b4b38146de3bd69f12c260b56c6cd1fee5c863b",
                "permissions": [
                  "FULL_CONTROL"
                ],
                "type": "CanonicalUser",
                "uri": ""
              }
            ],
            "hosted_zone_id": "Z3AQBSTGFYJSTF",
            "id": "esmael-bucket",
            "lifecycle_rule": [],
            "logging": [],
            "object_lock_configuration": [],
            "object_lock_enabled": false,
            "policy": "",
            "region": "us-east-1",
            "replication_configuration": [],
            "request_payer": "BucketOwner",
            "server_side_encryption_configuration": [
              {
                "rule": [
                  {
                    "apply_server_side_encryption_by_default": [
                      {
                        "kms_master_key_id": "",
                        "sse_algorithm": "AES256"
                      }
                    ],
                    "bucket_key_enabled": false
                  }
                ]
              }
            ],
            "tags": {
              "Name": "My state bucket"
            },
            "tags_all": {
              "Name": "My state bucket"
            },
            "timeouts": null,
            "versioning": [
              {
                "enabled": true,
                "mfa_delete": false
              }
            ],
            "website": [],
            "website_domain": null,
            "website_endpoint": null
          },
          "sensitive_attributes": [],
          "private": "eyJlMmJmYjczMC1lY2FhLTExZTYtOGY4OC0zNDM2M2JjN2M0YzAiOnsiY3JlYXRlIjoxMjAwMDAwMDAwMDAwLCJkZWxldGUiOjM2MDAwMDAwMDAwMDAsInJlYWQiOjEyMDAwMDAwMDAwMDAsInVwZGF0ZSI6MTIwMDAwMDAwMDAwMH19"
        }
      ]
    },
    {
      "mode": "managed",
      "type": "aws_s3_bucket_versioning",
      "name": "terraform_state_bucket",
      "provider": "provider[\"registry.terraform.io/hashicorp/aws\"]",
      "instances": [
        {
          "schema_version": 0,
          "attributes": {
            "bucket": "esmael-bucket",
            "expected_bucket_owner": "",
            "id": "esmael-bucket",
            "mfa": null,
            "versioning_configuration": [
              {
                "mfa_delete": "",
                "status": "Enabled"
              }
            ]
          },
          "sensitive_attributes": [],
          "private": "bnVsbA==",
          "dependencies": [
            "aws_s3_bucket.state"
          ]
        }
      ]
    },
    {
      "mode": "managed",
      "type": "aws_security_group",
      "name": "allow_ssh",
      "provider": "provider[\"registry.terraform.io/hashicorp/aws\"]",
      "instances": [
        {
          "schema_version": 1,
          "attributes": {
            "arn": "arn:aws:ec2:us-east-1:025066251600:security-group/sg-031c07835f5ad1dca",
            "description": "Managed by Terraform",
            "egress": [
              {
                "cidr_blocks": [
                  "0.0.0.0/0"
                ],
                "description": "",
                "from_port": 0,
                "ipv6_cidr_blocks": [],
                "prefix_list_ids": [],
                "protocol": "-1",
                "security_groups": [],
                "self": false,
                "to_port": 0
              }
            ],
            "id": "sg-031c07835f5ad1dca",
            "ingress": [
              {
                "cidr_blocks": [
                  "0.0.0.0/0"
                ],
                "description": "",
                "from_port": 22,
                "ipv6_cidr_blocks": [],
                "prefix_list_ids": [],
                "protocol": "tcp",
                "security_groups": [],
                "self": false,
                "to_port": 22
              }
            ],
            "name": "terraform-20240910204505032800000001",
            "name_prefix": "terraform-",
            "owner_id": "025066251600",
            "revoke_rules_on_delete": false,
            "tags": {
              "Name": "AllowSSH"
            },
            "tags_all": {
              "Name": "AllowSSH"
            },
            "timeouts": null,
            "vpc_id": "vpc-02ebd9220457592be"
          },
          "sensitive_attributes": [],
          "private": "eyJlMmJmYjczMC1lY2FhLTExZTYtOGY4OC0zNDM2M2JjN2M0YzAiOnsiY3JlYXRlIjo2MDAwMDAwMDAwMDAsImRlbGV0ZSI6OTAwMDAwMDAwMDAwfSwic2NoZW1hX3ZlcnNpb24iOiIxIn0=",
          "dependencies": [
            "aws_vpc.main-vpc"
          ]
        }
      ]
    },
    {
      "mode": "managed",
      "type": "aws_subnet",
      "name": "private",
      "provider": "provider[\"registry.terraform.io/hashicorp/aws\"]",
      "instances": [
        {
          "schema_version": 1,
          "attributes": {
            "arn": "arn:aws:ec2:us-east-1:025066251600:subnet/subnet-07552f8d544a12d15",
            "assign_ipv6_address_on_creation": false,
            "availability_zone": "us-east-1a",
            "availability_zone_id": "use1-az1",
            "cidr_block": "10.0.2.0/24",
            "customer_owned_ipv4_pool": "",
            "enable_dns64": false,
            "enable_lni_at_device_index": 0,
            "enable_resource_name_dns_a_record_on_launch": false,
            "enable_resource_name_dns_aaaa_record_on_launch": false,
            "id": "subnet-07552f8d544a12d15",
            "ipv6_cidr_block": "",
            "ipv6_cidr_block_association_id": "",
            "ipv6_native": false,
            "map_customer_owned_ip_on_launch": false,
            "map_public_ip_on_launch": false,
            "outpost_arn": "",
            "owner_id": "025066251600",
            "private_dns_hostname_type_on_launch": "ip-name",
            "tags": {
              "Name": "Private-Subnet"
            },
            "tags_all": {
              "Name": "Private-Subnet"
            },
            "timeouts": null,
            "vpc_id": "vpc-02ebd9220457592be"
          },
          "sensitive_attributes": [],
          "private": "eyJlMmJmYjczMC1lY2FhLTExZTYtOGY4OC0zNDM2M2JjN2M0YzAiOnsiY3JlYXRlIjo2MDAwMDAwMDAwMDAsImRlbGV0ZSI6MTIwMDAwMDAwMDAwMH0sInNjaGVtYV92ZXJzaW9uIjoiMSJ9",
          "dependencies": [
            "aws_vpc.main-vpc"
          ]
        }
      ]
    },
    {
      "mode": "managed",
      "type": "aws_subnet",
      "name": "public",
      "provider": "provider[\"registry.terraform.io/hashicorp/aws\"]",
      "instances": [
        {
          "schema_version": 1,
          "attributes": {
            "arn": "arn:aws:ec2:us-east-1:025066251600:subnet/subnet-059a29c5d54dcaf98",
            "assign_ipv6_address_on_creation": false,
            "availability_zone": "us-east-1a",
            "availability_zone_id": "use1-az1",
            "cidr_block": "10.0.1.0/24",
            "customer_owned_ipv4_pool": "",
            "enable_dns64": false,
            "enable_lni_at_device_index": 0,
            "enable_resource_name_dns_a_record_on_launch": false,
            "enable_resource_name_dns_aaaa_record_on_launch": false,
            "id": "subnet-059a29c5d54dcaf98",
            "ipv6_cidr_block": "",
            "ipv6_cidr_block_association_id": "",
            "ipv6_native": false,
            "map_customer_owned_ip_on_launch": false,
            "map_public_ip_on_launch": true,
            "outpost_arn": "",
            "owner_id": "025066251600",
            "private_dns_hostname_type_on_launch": "ip-name",
            "tags": {
              "Name": "Public-Subnet"
            },
            "tags_all": {
              "Name": "Public-Subnet"
            },
            "timeouts": null,
            "vpc_id": "vpc-02ebd9220457592be"
          },
          "sensitive_attributes": [],
          "private": "eyJlMmJmYjczMC1lY2FhLTExZTYtOGY4OC0zNDM2M2JjN2M0YzAiOnsiY3JlYXRlIjo2MDAwMDAwMDAwMDAsImRlbGV0ZSI6MTIwMDAwMDAwMDAwMH0sInNjaGVtYV92ZXJzaW9uIjoiMSJ9",
          "dependencies": [
            "aws_vpc.main-vpc"
          ]
        }
      ]
    },
    {
      "mode": "managed",
      "type": "aws_vpc",
      "name": "main-vpc",
      "provider": "provider[\"registry.terraform.io/hashicorp/aws\"]",
      "instances": [
        {
          "schema_version": 1,
          "attributes": {
            "arn": "arn:aws:ec2:us-east-1:025066251600:vpc/vpc-02ebd9220457592be",
            "assign_generated_ipv6_cidr_block": false,
            "cidr_block": "10.0.0.0/16",
            "default_network_acl_id": "acl-053b0abf693be05b2",
            "default_route_table_id": "rtb-0cb1d320048567834",
            "default_security_group_id": "sg-00bcff06fdb672798",
            "dhcp_options_id": "dopt-017da82df7c95983b",
            "enable_dns_hostnames": false,
            "enable_dns_support": true,
            "enable_network_address_usage_metrics": false,
            "id": "vpc-02ebd9220457592be",
            "instance_tenancy": "default",
            "ipv4_ipam_pool_id": null,
            "ipv4_netmask_length": null,
            "ipv6_association_id": "",
            "ipv6_cidr_block": "",
            "ipv6_cidr_block_network_border_group": "",
            "ipv6_ipam_pool_id": "",
            "ipv6_netmask_length": 0,
            "main_route_table_id": "rtb-0cb1d320048567834",
            "owner_id": "025066251600",
            "tags": {
              "Name": "Terraform-VPC"
            },
            "tags_all": {
              "Name": "Terraform-VPC"
            }
          },
          "sensitive_attributes": [],
          "private": "eyJzY2hlbWFfdmVyc2lvbiI6IjEifQ=="
        }
      ]
    },
    {
      "mode": "managed",
      "type": "null_resource",
      "name": "generate_key_file",
      "provider": "provider[\"registry.terraform.io/hashicorp/null\"]",
      "instances": [
        {
          "schema_version": 0,
          "attributes": {
            "id": "4364341956539370830",
            "triggers": null
          },
          "sensitive_attributes": [],
          "dependencies": [
            "aws_key_pair.key_pair",
            "tls_private_key.private_key"
          ]
        }
      ]
    },
    {
      "mode": "managed",
      "type": "tls_private_key",
      "name": "private_key",
      "provider": "provider[\"registry.terraform.io/hashicorp/tls\"]",
      "instances": [
        {
          "schema_version": 1,
          "attributes": {
            "algorithm": "RSA",
            "ecdsa_curve": "P224",
            "id": "35b344cd0cbee6eb6b08811c3bff9d82a2cd7b98",
            "private_key_openssh": "-----BEGIN OPENSSH PRIVATE KEY-----\nb3BlbnNzaC1rZXktdjEAAAAABG5vbmUAAAAEbm9uZQAAAAAAAAABAAACFwAAAAdz\nc2gtcnNhAAAAAwEAAQAAAgEA32uLgjWab+/zlcdsbFLx/ph8y1DfBNBXf9fNCsjg\nVsEXZQc1YU7GCY4+MpSaD/ID19UmFyfP6tvQhcHj/DUq2muEfL/twTAvqJ0ueRZi\n6P4fWiu1GMCUov43XSdUDz6j2Cx5rhZ6JEvsc/u8wPfhb4UcClIXzu9l63pWAqh1\nGr37l2B4LXyKWfo4we3fdSgRi7jiEDgVKPELm6rWwRTbH/ge8LriZSSdTgawH3de\nLoNmnmElq/8y6J+AiYJdTYkP9WdnvIU+P12GyzuUFmD3DBrQMCdbcwxuXRg2hVje\n/cnB2/A/SgUN2v1sefBsmUuaUBCt5+XcSS83euD/590AotWqOCzfppIIo8rIkPbk\nAH+YeZUgJwjHYfs009zaNBjGFEPTbhTX/0kidKe3Vg5ZTqxPEs7JTQYVkxEsefIM\nqKlhy2mR1EmnWE97Q9O+5fyOFbNHDul0bZlJpT8nY80di76Ug9Z3yzewkhrPkZLw\n5S4uMH5u3B9ABg5Hc78Ym/zib1AB9pktQwzDSlHmxKVm5XhNpxv/r93EQ+0hRJgM\nJ7hUM1wvRt58br6ViVgd3/iMcUbBq3AwRLSwuoKzkmOYbtYq+xpmf2L6jXUZysLe\n39TcchTSUy54oMT9yBctlgd0vyzwXxZmQPLbZV4Aa0WJ8zoJAulCbjgWGMj33Y0P\nYlcAAAc4cIi0xnCItMYAAAAHc3NoLXJzYQAAAgEA32uLgjWab+/zlcdsbFLx/ph8\ny1DfBNBXf9fNCsjgVsEXZQc1YU7GCY4+MpSaD/ID19UmFyfP6tvQhcHj/DUq2muE\nfL/twTAvqJ0ueRZi6P4fWiu1GMCUov43XSdUDz6j2Cx5rhZ6JEvsc/u8wPfhb4Uc\nClIXzu9l63pWAqh1Gr37l2B4LXyKWfo4we3fdSgRi7jiEDgVKPELm6rWwRTbH/ge\n8LriZSSdTgawH3deLoNmnmElq/8y6J+AiYJdTYkP9WdnvIU+P12GyzuUFmD3DBrQ\nMCdbcwxuXRg2hVje/cnB2/A/SgUN2v1sefBsmUuaUBCt5+XcSS83euD/590AotWq\nOCzfppIIo8rIkPbkAH+YeZUgJwjHYfs009zaNBjGFEPTbhTX/0kidKe3Vg5ZTqxP\nEs7JTQYVkxEsefIMqKlhy2mR1EmnWE97Q9O+5fyOFbNHDul0bZlJpT8nY80di76U\ng9Z3yzewkhrPkZLw5S4uMH5u3B9ABg5Hc78Ym/zib1AB9pktQwzDSlHmxKVm5XhN\npxv/r93EQ+0hRJgMJ7hUM1wvRt58br6ViVgd3/iMcUbBq3AwRLSwuoKzkmOYbtYq\n+xpmf2L6jXUZysLe39TcchTSUy54oMT9yBctlgd0vyzwXxZmQPLbZV4Aa0WJ8zoJ\nAulCbjgWGMj33Y0PYlcAAAADAQABAAACABjU5yiNtKCEVtpq084mWecmI5ilYGQ0\nk8UNwyhTsztxMpxz9KbgDnq5aIhOo+Dp0SuH8TfZoO5FiCOVrTU245BrKsqCunYi\nWOmwrp2es1eaBvoKqZIatWp4PscHu/wFxkgciVmj/edS2PD7Jbt80X2Hmdo7zZGe\nYgGOE0kwV/Ok8fWdLz4+/VGK0gwb2B45Wdnhrp6G3TMzt0qR7lR/cOtYtHelDcyY\nCTPG4oRczAb3a8xml71KG+pm7+5You4fMbrgx1LYrFZ2mqiz8n2aQVsDD+iKN0vO\nMeX+7vBbNE2Ywwci6KXdcfDJAel7o1ZWZMxJTkrb7WPk75GkuEyY75z0TuOQOFYU\n+eZN7o90xVxFkQaQ6TWJb/hFEAG/OnZ4dmcjWUUASS9YN5EsqhQnjTUVTH9ncQTA\njM6rvkStEaq5wC+ejb50jaDJnhDwWUmdA/OP6EHEFJsEgt8FX3FPoo0PfRtDS7m4\n0ehc5AfnVMgsY4rgtNgSIOtEjL5V5tjQDKuUB+2/u4SY3/JePRQZvxzu2zDPOQ7k\nu4DC5OVaemhEmtKQzcY3n7GP3rYXiOhONRknszidBn/3pP49gh1jjvb59YaF/VG6\nqybClrYsZNfL6ayz8v+gfG5ZJIMr4sWjiwSfQmJsXXo3nBLgC0kYtp5YZDI0LGmg\nK09OkhAaf/lhAAABACrODXmT0GLwnbAbsqfFfnmije+36GFZnZ5mEHJHUt311myT\nR1Xwu4TyQX541sJs/rhcpqEagm+fSjvafWDFbU7m60uYVPAZoo+ShWPJzacYe04t\np06hjZ+DQq9rUmfBbDvWUvk/FwrAQYlr4cFIOwq/AiD84RB4J0bjKtRcWdZThTbO\nqTWN6Bqd3YWkYPWMaGpiHHXcjDpDDvn3DIl7P9Xr6xMLXgyf6xE9EseM7lS7ZvXk\nuFzVe1o30yGv5rbMi8tjPlx/l3XwJxOlUtvUzbMdJOonYspPKfrIJ785O/nv32OF\nSHozH4IYaHYH6wjs86FgNVScjk/uWLKG2gA271cAAAEBAOMgjl4fSCsAZ9dnzsVj\nKWCGtRrPF05lnCDRyoGj0fHyM/5JditVoRR09FPBlqLZwL+x93HleVw8NumAuKtb\ncvcc6T6U9Y6EXRpOJsAKOfhHYa2CIcvVan4VnZvsz3YgeG8G7hG+l2y8UbyniLE4\nLL/Sk8SKSgZJWihtGoBeXem6TGII0EZHWrPrT8zbwCQ1UFWxNB1fHCwRhCaC18hM\nrQnvuYA/58mLrYNz7OgCq80Wi0Pi1AzAqBzTsRganDJXFdbEnk2bye3ToFC6/3sP\n9q9ePHU31RzmrW6bRj++5bpdZvOAxHuoyRQf5PZ3GfyXoYXHdQPiGvztPYitO1QL\nFB0AAAEBAPvSWUkPt3xCvdq+5liybdzzQasbReZUx4D3iHgqO89+1oKJiMww++O9\nnouEIO01KgXc6A1yOsusrqhFQYKjcJ7oMRQqYhgy9eRhvfVnAGz0cUBB/ElmP6hr\n/3mrp1nOGLjF3JuRhbukx+5hOUOu5ahJpLsG/GnncIVFyuIK11kdUx/lr9M0ez3V\nMY0TXsy2wp1Vv4btHqq5ucmDSLQzyOEssa7v09s8EKzaRFrF4EX7MVXM+faEGg7D\nGnrAgQdZcE1Dwyko6KFDjgwjcQ7oNXS6x1mapd8ZXz/KhuN0QiTck1RScb0vq7Tm\nJrV7yBOtC5ak/sU7Se6maig0L+jh3gMAAAAAAQID\n-----END OPENSSH PRIVATE KEY-----\n",
            "private_key_pem": "-----BEGIN RSA PRIVATE KEY-----\nMIIJKAIBAAKCAgEA32uLgjWab+/zlcdsbFLx/ph8y1DfBNBXf9fNCsjgVsEXZQc1\nYU7GCY4+MpSaD/ID19UmFyfP6tvQhcHj/DUq2muEfL/twTAvqJ0ueRZi6P4fWiu1\nGMCUov43XSdUDz6j2Cx5rhZ6JEvsc/u8wPfhb4UcClIXzu9l63pWAqh1Gr37l2B4\nLXyKWfo4we3fdSgRi7jiEDgVKPELm6rWwRTbH/ge8LriZSSdTgawH3deLoNmnmEl\nq/8y6J+AiYJdTYkP9WdnvIU+P12GyzuUFmD3DBrQMCdbcwxuXRg2hVje/cnB2/A/\nSgUN2v1sefBsmUuaUBCt5+XcSS83euD/590AotWqOCzfppIIo8rIkPbkAH+YeZUg\nJwjHYfs009zaNBjGFEPTbhTX/0kidKe3Vg5ZTqxPEs7JTQYVkxEsefIMqKlhy2mR\n1EmnWE97Q9O+5fyOFbNHDul0bZlJpT8nY80di76Ug9Z3yzewkhrPkZLw5S4uMH5u\n3B9ABg5Hc78Ym/zib1AB9pktQwzDSlHmxKVm5XhNpxv/r93EQ+0hRJgMJ7hUM1wv\nRt58br6ViVgd3/iMcUbBq3AwRLSwuoKzkmOYbtYq+xpmf2L6jXUZysLe39TcchTS\nUy54oMT9yBctlgd0vyzwXxZmQPLbZV4Aa0WJ8zoJAulCbjgWGMj33Y0PYlcCAwEA\nAQKCAgAY1OcojbSghFbaatPOJlnnJiOYpWBkNJPFDcMoU7M7cTKcc/Sm4A56uWiI\nTqPg6dErh/E32aDuRYgjla01NuOQayrKgrp2IljpsK6dnrNXmgb6CqmSGrVqeD7H\nB7v8BcZIHIlZo/3nUtjw+yW7fNF9h5naO82RnmIBjhNJMFfzpPH1nS8+Pv1RitIM\nG9geOVnZ4a6eht0zM7dKke5Uf3DrWLR3pQ3MmAkzxuKEXMwG92vMZpe9ShvqZu/u\nWKLuHzG64MdS2KxWdpqos/J9mkFbAw/oijdLzjHl/u7wWzRNmMMHIuil3XHwyQHp\ne6NWVmTMSU5K2+1j5O+RpLhMmO+c9E7jkDhWFPnmTe6PdMVcRZEGkOk1iW/4RRAB\nvzp2eHZnI1lFAEkvWDeRLKoUJ401FUx/Z3EEwIzOq75ErRGqucAvno2+dI2gyZ4Q\n8FlJnQPzj+hBxBSbBILfBV9xT6KND30bQ0u5uNHoXOQH51TILGOK4LTYEiDrRIy+\nVebY0AyrlAftv7uEmN/yXj0UGb8c7tswzzkO5LuAwuTlWnpoRJrSkM3GN5+xj962\nF4joTjUZJ7M4nQZ/96T+PYIdY472+fWGhf1Ruqsmwpa2LGTXy+mss/L/oHxuWSSD\nK+LFo4sEn0JibF16N5wS4AtJGLaeWGQyNCxpoCtPTpIQGn/5YQKCAQEA4yCOXh9I\nKwBn12fOxWMpYIa1Gs8XTmWcINHKgaPR8fIz/kl2K1WhFHT0U8GWotnAv7H3ceV5\nXDw26YC4q1ty9xzpPpT1joRdGk4mwAo5+EdhrYIhy9VqfhWdm+zPdiB4bwbuEb6X\nbLxRvKeIsTgsv9KTxIpKBklaKG0agF5d6bpMYgjQRkdas+tPzNvAJDVQVbE0HV8c\nLBGEJoLXyEytCe+5gD/nyYutg3Ps6AKrzRaLQ+LUDMCoHNOxGBqcMlcV1sSeTZvJ\n7dOgULr/ew/2r148dTfVHOatbptGP77lul1m84DEe6jJFB/k9ncZ/Jehhcd1A+Ia\n/O09iK07VAsUHQKCAQEA+9JZSQ+3fEK92r7mWLJt3PNBqxtF5lTHgPeIeCo7z37W\ngomIzDD7472ei4Qg7TUqBdzoDXI6y6yuqEVBgqNwnugxFCpiGDL15GG99WcAbPRx\nQEH8SWY/qGv/eaunWc4YuMXcm5GFu6TH7mE5Q67lqEmkuwb8aedwhUXK4grXWR1T\nH+Wv0zR7PdUxjRNezLbCnVW/hu0eqrm5yYNItDPI4Syxru/T2zwQrNpEWsXgRfsx\nVcz59oQaDsMaesCBB1lwTUPDKSjooUOODCNxDug1dLrHWZql3xlfP8qG43RCJNyT\nVFJxvS+rtOYmtXvIE60LlqT+xTtJ7qZqKDQv6OHeAwKCAQEAjq7+ISz/tlv74DuL\njz8bWFNn5J6iopJ8wbVpxYV3t8oTVbUqslCJ8AMFFrTwAABR8VtI+tlRI1uEl65Q\n1P2PPKSB9tm3Zb/LiWH9P/lsr4eQWmL8/kNlMi48JB9huXDul7k/yA/2qs2nf5+z\n5LlIi30rbXX+yPI93FWmJ2yhDNsHbzLgPLZIyeyS5jxK+bQwcpTvC2Cbnyel4Fek\nXWWl8y8RVvtOjrPb3k/uTVaYPS/jb1NJKXXCZtGqWF0nMQy6YICGfnTXJzwiY3UG\nWHYP392Ql4bqr8xOucR8HkG7qhdRPLnxNUo0gBsFSLxLq/5J73P9E+JwV+JmHL3P\nHp4TFQKCAQB8NOtvGv5wnubP7xrkotWHhsBcKi6XBjgFB5LbWlF37eLWLgo4VOzZ\nDt0ViY1IEtHwZF5cy3vum/Tl8Ir4aa8R4grbHHCX6QLZq9ArK6vNEeCORj2u4m0B\noIs5Mw5vQDV3ZbiDTwq8W/F1RaUeGjUShYhn63Eyt0ILqjoAtkIzpUAr2nmX3inv\nfKldITHAHWDug63dWjWnFcZqe4Ovxl8NmaLmW0qOtxiueVX/w9v0CIrz/A9KpSvJ\nHjiAVVUPD/FRWtv3AEOFzzFQEWchaC19rubG7n1kBjqx1y4jIGPDlLxieeu52bqC\nloZ/O1ebRN4TZrx3AeBcgt6Xh+4dmtKLAoIBACrODXmT0GLwnbAbsqfFfnmije+3\n6GFZnZ5mEHJHUt311myTR1Xwu4TyQX541sJs/rhcpqEagm+fSjvafWDFbU7m60uY\nVPAZoo+ShWPJzacYe04tp06hjZ+DQq9rUmfBbDvWUvk/FwrAQYlr4cFIOwq/AiD8\n4RB4J0bjKtRcWdZThTbOqTWN6Bqd3YWkYPWMaGpiHHXcjDpDDvn3DIl7P9Xr6xML\nXgyf6xE9EseM7lS7ZvXkuFzVe1o30yGv5rbMi8tjPlx/l3XwJxOlUtvUzbMdJOon\nYspPKfrIJ785O/nv32OFSHozH4IYaHYH6wjs86FgNVScjk/uWLKG2gA271c=\n-----END RSA PRIVATE KEY-----\n",
            "private_key_pem_pkcs8": "-----BEGIN PRIVATE KEY-----\nMIIJQgIBADANBgkqhkiG9w0BAQEFAASCCSwwggkoAgEAAoICAQDfa4uCNZpv7/OV\nx2xsUvH+mHzLUN8E0Fd/180KyOBWwRdlBzVhTsYJjj4ylJoP8gPX1SYXJ8/q29CF\nweP8NSraa4R8v+3BMC+onS55FmLo/h9aK7UYwJSi/jddJ1QPPqPYLHmuFnokS+xz\n+7zA9+FvhRwKUhfO72XrelYCqHUavfuXYHgtfIpZ+jjB7d91KBGLuOIQOBUo8Qub\nqtbBFNsf+B7wuuJlJJ1OBrAfd14ug2aeYSWr/zLon4CJgl1NiQ/1Z2e8hT4/XYbL\nO5QWYPcMGtAwJ1tzDG5dGDaFWN79ycHb8D9KBQ3a/Wx58GyZS5pQEK3n5dxJLzd6\n4P/n3QCi1ao4LN+mkgijysiQ9uQAf5h5lSAnCMdh+zTT3No0GMYUQ9NuFNf/SSJ0\np7dWDllOrE8SzslNBhWTESx58gyoqWHLaZHUSadYT3tD077l/I4Vs0cO6XRtmUml\nPydjzR2LvpSD1nfLN7CSGs+RkvDlLi4wfm7cH0AGDkdzvxib/OJvUAH2mS1DDMNK\nUebEpWbleE2nG/+v3cRD7SFEmAwnuFQzXC9G3nxuvpWJWB3f+IxxRsGrcDBEtLC6\ngrOSY5hu1ir7GmZ/YvqNdRnKwt7f1NxyFNJTLnigxP3IFy2WB3S/LPBfFmZA8ttl\nXgBrRYnzOgkC6UJuOBYYyPfdjQ9iVwIDAQABAoICABjU5yiNtKCEVtpq084mWecm\nI5ilYGQ0k8UNwyhTsztxMpxz9KbgDnq5aIhOo+Dp0SuH8TfZoO5FiCOVrTU245Br\nKsqCunYiWOmwrp2es1eaBvoKqZIatWp4PscHu/wFxkgciVmj/edS2PD7Jbt80X2H\nmdo7zZGeYgGOE0kwV/Ok8fWdLz4+/VGK0gwb2B45Wdnhrp6G3TMzt0qR7lR/cOtY\ntHelDcyYCTPG4oRczAb3a8xml71KG+pm7+5You4fMbrgx1LYrFZ2mqiz8n2aQVsD\nD+iKN0vOMeX+7vBbNE2Ywwci6KXdcfDJAel7o1ZWZMxJTkrb7WPk75GkuEyY75z0\nTuOQOFYU+eZN7o90xVxFkQaQ6TWJb/hFEAG/OnZ4dmcjWUUASS9YN5EsqhQnjTUV\nTH9ncQTAjM6rvkStEaq5wC+ejb50jaDJnhDwWUmdA/OP6EHEFJsEgt8FX3FPoo0P\nfRtDS7m40ehc5AfnVMgsY4rgtNgSIOtEjL5V5tjQDKuUB+2/u4SY3/JePRQZvxzu\n2zDPOQ7ku4DC5OVaemhEmtKQzcY3n7GP3rYXiOhONRknszidBn/3pP49gh1jjvb5\n9YaF/VG6qybClrYsZNfL6ayz8v+gfG5ZJIMr4sWjiwSfQmJsXXo3nBLgC0kYtp5Y\nZDI0LGmgK09OkhAaf/lhAoIBAQDjII5eH0grAGfXZ87FYylghrUazxdOZZwg0cqB\no9Hx8jP+SXYrVaEUdPRTwZai2cC/sfdx5XlcPDbpgLirW3L3HOk+lPWOhF0aTibA\nCjn4R2GtgiHL1Wp+FZ2b7M92IHhvBu4RvpdsvFG8p4ixOCy/0pPEikoGSVoobRqA\nXl3pukxiCNBGR1qz60/M28AkNVBVsTQdXxwsEYQmgtfITK0J77mAP+fJi62Dc+zo\nAqvNFotD4tQMwKgc07EYGpwyVxXWxJ5Nm8nt06BQuv97D/avXjx1N9Uc5q1um0Y/\nvuW6XWbzgMR7qMkUH+T2dxn8l6GFx3UD4hr87T2IrTtUCxQdAoIBAQD70llJD7d8\nQr3avuZYsm3c80GrG0XmVMeA94h4KjvPftaCiYjMMPvjvZ6LhCDtNSoF3OgNcjrL\nrK6oRUGCo3Ce6DEUKmIYMvXkYb31ZwBs9HFAQfxJZj+oa/95q6dZzhi4xdybkYW7\npMfuYTlDruWoSaS7Bvxp53CFRcriCtdZHVMf5a/TNHs91TGNE17MtsKdVb+G7R6q\nubnJg0i0M8jhLLGu79PbPBCs2kRaxeBF+zFVzPn2hBoOwxp6wIEHWXBNQ8MpKOih\nQ44MI3EO6DV0usdZmqXfGV8/yobjdEIk3JNUUnG9L6u05ia1e8gTrQuWpP7FO0nu\npmooNC/o4d4DAoIBAQCOrv4hLP+2W/vgO4uPPxtYU2fknqKiknzBtWnFhXe3yhNV\ntSqyUInwAwUWtPAAAFHxW0j62VEjW4SXrlDU/Y88pIH22bdlv8uJYf0/+Wyvh5Ba\nYvz+Q2UyLjwkH2G5cO6XuT/ID/aqzad/n7PkuUiLfSttdf7I8j3cVaYnbKEM2wdv\nMuA8tkjJ7JLmPEr5tDBylO8LYJufJ6XgV6RdZaXzLxFW+06Os9veT+5NVpg9L+Nv\nU0kpdcJm0apYXScxDLpggIZ+dNcnPCJjdQZYdg/f3ZCXhuqvzE65xHweQbuqF1E8\nufE1SjSAGwVIvEur/knvc/0T4nBX4mYcvc8enhMVAoIBAHw0628a/nCe5s/vGuSi\n1YeGwFwqLpcGOAUHkttaUXft4tYuCjhU7NkO3RWJjUgS0fBkXlzLe+6b9OXwivhp\nrxHiCtsccJfpAtmr0Csrq80R4I5GPa7ibQGgizkzDm9ANXdluINPCrxb8XVFpR4a\nNRKFiGfrcTK3QguqOgC2QjOlQCvaeZfeKe98qV0hMcAdYO6Drd1aNacVxmp7g6/G\nXw2ZouZbSo63GK55Vf/D2/QIivP8D0qlK8keOIBVVQ8P8VFa2/cAQ4XPMVARZyFo\nLX2u5sbufWQGOrHXLiMgY8OUvGJ567nZuoKWhn87V5tE3hNmvHcB4FyC3peH7h2a\n0osCggEAKs4NeZPQYvCdsBuyp8V+eaKN77foYVmdnmYQckdS3fXWbJNHVfC7hPJB\nfnjWwmz+uFymoRqCb59KO9p9YMVtTubrS5hU8Bmij5KFY8nNpxh7Ti2nTqGNn4NC\nr2tSZ8FsO9ZS+T8XCsBBiWvhwUg7Cr8CIPzhEHgnRuMq1FxZ1lOFNs6pNY3oGp3d\nhaRg9YxoamIcddyMOkMO+fcMiXs/1evrEwteDJ/rET0Sx4zuVLtm9eS4XNV7WjfT\nIa/mtsyLy2M+XH+XdfAnE6VS29TNsx0k6idiyk8p+sgnvzk7+e/fY4VIejMfghho\ndgfrCOzzoWA1VJyOT+5YsobaADbvVw==\n-----END PRIVATE KEY-----\n",
            "public_key_fingerprint_md5": "12:52:5e:d8:0c:a5:f0:e1:ae:96:94:8d:a8:0c:4d:ec",
            "public_key_fingerprint_sha256": "SHA256:Wzgjixqshg2hNoHaVksc/O5MK0BmZHFR7MOP7uMwbks",
            "public_key_openssh": "ssh-rsa AAAAB3NzaC1yc2EAAAADAQABAAACAQDfa4uCNZpv7/OVx2xsUvH+mHzLUN8E0Fd/180KyOBWwRdlBzVhTsYJjj4ylJoP8gPX1SYXJ8/q29CFweP8NSraa4R8v+3BMC+onS55FmLo/h9aK7UYwJSi/jddJ1QPPqPYLHmuFnokS+xz+7zA9+FvhRwKUhfO72XrelYCqHUavfuXYHgtfIpZ+jjB7d91KBGLuOIQOBUo8QubqtbBFNsf+B7wuuJlJJ1OBrAfd14ug2aeYSWr/zLon4CJgl1NiQ/1Z2e8hT4/XYbLO5QWYPcMGtAwJ1tzDG5dGDaFWN79ycHb8D9KBQ3a/Wx58GyZS5pQEK3n5dxJLzd64P/n3QCi1ao4LN+mkgijysiQ9uQAf5h5lSAnCMdh+zTT3No0GMYUQ9NuFNf/SSJ0p7dWDllOrE8SzslNBhWTESx58gyoqWHLaZHUSadYT3tD077l/I4Vs0cO6XRtmUmlPydjzR2LvpSD1nfLN7CSGs+RkvDlLi4wfm7cH0AGDkdzvxib/OJvUAH2mS1DDMNKUebEpWbleE2nG/+v3cRD7SFEmAwnuFQzXC9G3nxuvpWJWB3f+IxxRsGrcDBEtLC6grOSY5hu1ir7GmZ/YvqNdRnKwt7f1NxyFNJTLnigxP3IFy2WB3S/LPBfFmZA8ttlXgBrRYnzOgkC6UJuOBYYyPfdjQ9iVw==\n",
            "public_key_pem": "-----BEGIN PUBLIC KEY-----\nMIICIjANBgkqhkiG9w0BAQEFAAOCAg8AMIICCgKCAgEA32uLgjWab+/zlcdsbFLx\n/ph8y1DfBNBXf9fNCsjgVsEXZQc1YU7GCY4+MpSaD/ID19UmFyfP6tvQhcHj/DUq\n2muEfL/twTAvqJ0ueRZi6P4fWiu1GMCUov43XSdUDz6j2Cx5rhZ6JEvsc/u8wPfh\nb4UcClIXzu9l63pWAqh1Gr37l2B4LXyKWfo4we3fdSgRi7jiEDgVKPELm6rWwRTb\nH/ge8LriZSSdTgawH3deLoNmnmElq/8y6J+AiYJdTYkP9WdnvIU+P12GyzuUFmD3\nDBrQMCdbcwxuXRg2hVje/cnB2/A/SgUN2v1sefBsmUuaUBCt5+XcSS83euD/590A\notWqOCzfppIIo8rIkPbkAH+YeZUgJwjHYfs009zaNBjGFEPTbhTX/0kidKe3Vg5Z\nTqxPEs7JTQYVkxEsefIMqKlhy2mR1EmnWE97Q9O+5fyOFbNHDul0bZlJpT8nY80d\ni76Ug9Z3yzewkhrPkZLw5S4uMH5u3B9ABg5Hc78Ym/zib1AB9pktQwzDSlHmxKVm\n5XhNpxv/r93EQ+0hRJgMJ7hUM1wvRt58br6ViVgd3/iMcUbBq3AwRLSwuoKzkmOY\nbtYq+xpmf2L6jXUZysLe39TcchTSUy54oMT9yBctlgd0vyzwXxZmQPLbZV4Aa0WJ\n8zoJAulCbjgWGMj33Y0PYlcCAwEAAQ==\n-----END PUBLIC KEY-----\n",
            "rsa_bits": 4096
          },
          "sensitive_attributes": [
            [
              {
                "type": "get_attr",
                "value": "private_key_pem"
              }
            ],
            [
              {
                "type": "get_attr",
                "value": "private_key_openssh"
              }
            ],
            [
              {
                "type": "get_attr",
                "value": "private_key_pem_pkcs8"
              }
            ]
          ]
        }
      ]
    }
  ],
  "check_results": null
}
